{
  "nodes": {
    "crane": {
      "locked": {
        "lastModified": 1748970125,
        "narHash": "sha256-UDyigbDGv8fvs9aS95yzFfOKkEjx1LO3PL3DsKopohA=",
        "owner": "ipetkov",
        "repo": "crane",
        "rev": "323b5746d89e04b22554b061522dfce9e4c49b18",
        "type": "github"
      },
      "original": {
        "owner": "ipetkov",
        "repo": "crane",
        "type": "github"
      }
    },
    "flake-parts": {
      "inputs": {
        "nixpkgs-lib": "nixpkgs-lib"
      },
      "locked": {
        "lastModified": 1749398372,
        "narHash": "sha256-tYBdgS56eXYaWVW3fsnPQ/nFlgWi/Z2Ymhyu21zVM98=",
        "owner": "hercules-ci",
        "repo": "flake-parts",
        "rev": "9305fe4e5c2a6fcf5ba6a3ff155720fbe4076569",
        "type": "github"
      },
      "original": {
        "id": "flake-parts",
        "type": "indirect"
      }
    },
    "my-utils": {
      "inputs": {
        "nixpkgs": [
          "solana",
          "nixpkgs"
        ],
        "utils": [
          "solana",
          "utils"
        ]
      },
      "locked": {
        "lastModified": 1741524262,
        "narHash": "sha256-L4TfUSqxwe4kVmL0w7JUYWroKMQjgznC4PmN6lvZj9g=",
        "owner": "nmrshll",
        "repo": "nix-utils",
        "rev": "d190f289ad99b3f2f6a2ac3a48f3b29c815b9e2d",
        "type": "github"
      },
      "original": {
        "owner": "nmrshll",
        "repo": "nix-utils",
        "type": "github"
      }
    },
    "nixpkgs": {
      "locked": {
        "lastModified": 1750969886,
        "narHash": "sha256-zW/OFnotiz/ndPFdebpo3X0CrbVNf22n4DjN2vxlb58=",
        "owner": "nixos",
        "repo": "nixpkgs",
        "rev": "a676066377a2fe7457369dd37c31fd2263b662f4",
        "type": "github"
      },
      "original": {
        "owner": "nixos",
        "ref": "nixos-25.05",
        "repo": "nixpkgs",
        "type": "github"
      }
    },
    "nixpkgs-lib": {
      "locked": {
        "lastModified": 1748740939,
        "narHash": "sha256-rQaysilft1aVMwF14xIdGS3sj1yHlI6oKQNBRTF40cc=",
        "owner": "nix-community",
        "repo": "nixpkgs.lib",
        "rev": "656a64127e9d791a334452c6b6606d17539476e2",
        "type": "github"
      },
      "original": {
        "owner": "nix-community",
        "repo": "nixpkgs.lib",
        "type": "github"
      }
    },
    "root": {
      "inputs": {
        "flake-parts": "flake-parts",
        "nixpkgs": "nixpkgs",
        "rust-overlay": "rust-overlay",
        "solana": "solana"
      }
    },
    "rust-overlay": {
      "inputs": {
        "nixpkgs": [
          "nixpkgs"
        ]
      },
      "locked": {
        "lastModified": 1751078221,
        "narHash": "sha256-/SRmXIPxL7ixFLZgcDdgZDuIwt8eWQAamMYer0ODwbM=",
        "owner": "oxalica",
        "repo": "rust-overlay",
        "rev": "1712a6d3430ca75353d366b7ddd1c79d6b243efc",
        "type": "github"
      },
      "original": {
        "owner": "oxalica",
        "repo": "rust-overlay",
        "type": "github"
      }
    },
    "rust-overlay_2": {
      "inputs": {
        "nixpkgs": [
          "solana",
          "nixpkgs"
        ]
      },
      "locked": {
        "lastModified": 1749350575,
        "narHash": "sha256-ltLegOYrp69v/7BXlNfSwUPrt2DvF7N668pV4a6rWRA=",
        "owner": "oxalica",
        "repo": "rust-overlay",
        "rev": "24d5806474b0779d373f381f00d75ad51fd45099",
        "type": "github"
      },
      "original": {
        "owner": "oxalica",
        "repo": "rust-overlay",
        "type": "github"
      }
    },
    "solana": {
      "inputs": {
        "crane": "crane",
        "my-utils": "my-utils",
        "nixpkgs": [
          "nixpkgs"
        ],
        "rust-overlay": "rust-overlay_2",
        "utils": "utils"
      },
      "locked": {
        "lastModified": 1751146096,
        "narHash": "sha256-UzRet5WdqttHq2MJSn9gMawqdKuBHF40Cr1KUeCS4to=",
        "owner": "nmrshll-templates",
        "repo": "solana",
        "rev": "13903fc0b4c277f1ddb48900677bced4780658fb",
        "type": "github"
      },
      "original": {
        "owner": "nmrshll-templates",
        "repo": "solana",
        "type": "github"
      }
    },
    "systems": {
      "locked": {
        "lastModified": 1681028828,
        "narHash": "sha256-Vy1rq5AaRuLzOxct8nz4T6wlgyUR7zLU309k9mBC768=",
        "owner": "nix-systems",
        "repo": "default",
        "rev": "da67096a3b9bf56a91d16901293e51ba5b49a27e",
        "type": "github"
      },
      "original": {
        "owner": "nix-systems",
        "repo": "default",
        "type": "github"
      }
    },
    "utils": {
      "inputs": {
        "systems": "systems"
      },
      "locked": {
        "lastModified": 1731533236,
        "narHash": "sha256-l0KFg5HjrsfsO/JpG+r7fRrqm12kzFHyUHqHCVpMMbI=",
        "owner": "numtide",
        "repo": "flake-utils",
        "rev": "11707dc2f618dd54ca8739b309ec4fc024de578b",
        "type": "github"
      },
      "original": {
        "owner": "numtide",
        "repo": "flake-utils",
        "type": "github"
      }
    }
  },
  "root": "root",
  "version": 7
}
